// !$*UTF8*$!
{
	archiveVersion = 1;
	classes = {
	};
	objectVersion = 77;
	objects = {

/* Begin PBXContainerItemProxy section */
		5BA5CA662CAE7DC9006BC7AB /* PBXContainerItemProxy */ = {
			isa = PBXContainerItemProxy;
			containerPortal = 5BA5CA4C2CAE7DC8006BC7AB /* Project object */;
			proxyType = 1;
			remoteGlobalIDString = 5BA5CA532CAE7DC8006BC7AB;
			remoteInfo = "swift-go-test";
		};
		5BA5CA702CAE7DC9006BC7AB /* PBXContainerItemProxy */ = {
			isa = PBXContainerItemProxy;
			containerPortal = 5BA5CA4C2CAE7DC8006BC7AB /* Project object */;
			proxyType = 1;
			remoteGlobalIDString = 5BA5CA532CAE7DC8006BC7AB;
			remoteInfo = "swift-go-test";
		};
/* End PBXContainerItemProxy section */

/* Begin PBXFileReference section */
		5BA5CA542CAE7DC8006BC7AB /* swift-go-test.app */ = {isa = PBXFileReference; explicitFileType = wrapper.application; includeInIndex = 0; path = "swift-go-test.app"; sourceTree = BUILT_PRODUCTS_DIR; };
		5BA5CA652CAE7DC9006BC7AB /* swift-go-testTests.xctest */ = {isa = PBXFileReference; explicitFileType = wrapper.cfbundle; includeInIndex = 0; path = "swift-go-testTests.xctest"; sourceTree = BUILT_PRODUCTS_DIR; };
		5BA5CA6F2CAE7DC9006BC7AB /* swift-go-testUITests.xctest */ = {isa = PBXFileReference; explicitFileType = wrapper.cfbundle; includeInIndex = 0; path = "swift-go-testUITests.xctest"; sourceTree = BUILT_PRODUCTS_DIR; };
/* End PBXFileReference section */

/* Begin PBXFileSystemSynchronizedRootGroup section */
		5BA5CA562CAE7DC8006BC7AB /* swift-go-test */ = {
			isa = PBXFileSystemSynchronizedRootGroup;
			path = "swift-go-test";
			sourceTree = "<group>";
		};
		5BA5CA682CAE7DC9006BC7AB /* swift-go-testTests */ = {
			isa = PBXFileSystemSynchronizedRootGroup;
			path = "swift-go-testTests";
			sourceTree = "<group>";
		};
		5BA5CA722CAE7DC9006BC7AB /* swift-go-testUITests */ = {
			isa = PBXFileSystemSynchronizedRootGroup;
			path = "swift-go-testUITests";
			sourceTree = "<group>";
		};
/* End PBXFileSystemSynchronizedRootGroup section */

/* Begin PBXFrameworksBuildPhase section */
		5BA5CA512CAE7DC8006BC7AB /* Frameworks */ = {
			isa = PBXFrameworksBuildPhase;
			buildActionMask = 2147483647;
			files = (
			);
			runOnlyForDeploymentPostprocessing = 0;
		};
		5BA5CA622CAE7DC9006BC7AB /* Frameworks */ = {
			isa = PBXFrameworksBuildPhase;
			buildActionMask = 2147483647;
			files = (
			);
			runOnlyForDeploymentPostprocessing = 0;
		};
		5BA5CA6C2CAE7DC9006BC7AB /* Frameworks */ = {
			isa = PBXFrameworksBuildPhase;
			buildActionMask = 2147483647;
			files = (
			);
			runOnlyForDeploymentPostprocessing = 0;
		};
/* End PBXFrameworksBuildPhase section */

/* Begin PBXGroup section */
		5BA5CA4B2CAE7DC8006BC7AB = {
			isa = PBXGroup;
			children = (
				5BA5CA562CAE7DC8006BC7AB /* swift-go-test */,
				5BA5CA682CAE7DC9006BC7AB /* swift-go-testTests */,
				5BA5CA722CAE7DC9006BC7AB /* swift-go-testUITests */,
				5BA5CA552CAE7DC8006BC7AB /* Products */,
			);
			sourceTree = "<group>";
		};
		5BA5CA552CAE7DC8006BC7AB /* Products */ = {
			isa = PBXGroup;
			children = (
				5BA5CA542CAE7DC8006BC7AB /* swift-go-test.app */,
				5BA5CA652CAE7DC9006BC7AB /* swift-go-testTests.xctest */,
				5BA5CA6F2CAE7DC9006BC7AB /* swift-go-testUITests.xctest */,
			);
			name = Products;
			sourceTree = "<group>";
		};
/* End PBXGroup section */

/* Begin PBXNativeTarget section */
		5BA5CA532CAE7DC8006BC7AB /* swift-go-test */ = {
			isa = PBXNativeTarget;
			buildConfigurationList = 5BA5CA792CAE7DC9006BC7AB /* Build configuration list for PBXNativeTarget "swift-go-test" */;
			buildPhases = (
				5BA5CA502CAE7DC8006BC7AB /* Sources */,
				5BA5CA512CAE7DC8006BC7AB /* Frameworks */,
				5BA5CA522CAE7DC8006BC7AB /* Resources */,
			);
			buildRules = (
			);
			dependencies = (
			);
			fileSystemSynchronizedGroups = (
				5BA5CA562CAE7DC8006BC7AB /* swift-go-test */,
			);
			name = "swift-go-test";
			packageProductDependencies = (
			);
			productName = "swift-go-test";
			productReference = 5BA5CA542CAE7DC8006BC7AB /* swift-go-test.app */;
			productType = "com.apple.product-type.application";
		};
		5BA5CA642CAE7DC9006BC7AB /* swift-go-testTests */ = {
			isa = PBXNativeTarget;
			buildConfigurationList = 5BA5CA7C2CAE7DC9006BC7AB /* Build configuration list for PBXNativeTarget "swift-go-testTests" */;
			buildPhases = (
				5BA5CA612CAE7DC9006BC7AB /* Sources */,
				5BA5CA622CAE7DC9006BC7AB /* Frameworks */,
				5BA5CA632CAE7DC9006BC7AB /* Resources */,
			);
			buildRules = (
			);
			dependencies = (
				5BA5CA672CAE7DC9006BC7AB /* PBXTargetDependency */,
			);
			fileSystemSynchronizedGroups = (
				5BA5CA682CAE7DC9006BC7AB /* swift-go-testTests */,
			);
			name = "swift-go-testTests";
			packageProductDependencies = (
			);
			productName = "swift-go-testTests";
			productReference = 5BA5CA652CAE7DC9006BC7AB /* swift-go-testTests.xctest */;
			productType = "com.apple.product-type.bundle.unit-test";
		};
		5BA5CA6E2CAE7DC9006BC7AB /* swift-go-testUITests */ = {
			isa = PBXNativeTarget;
			buildConfigurationList = 5BA5CA7F2CAE7DC9006BC7AB /* Build configuration list for PBXNativeTarget "swift-go-testUITests" */;
			buildPhases = (
				5BA5CA6B2CAE7DC9006BC7AB /* Sources */,
				5BA5CA6C2CAE7DC9006BC7AB /* Frameworks */,
				5BA5CA6D2CAE7DC9006BC7AB /* Resources */,
			);
			buildRules = (
			);
			dependencies = (
				5BA5CA712CAE7DC9006BC7AB /* PBXTargetDependency */,
			);
			fileSystemSynchronizedGroups = (
				5BA5CA722CAE7DC9006BC7AB /* swift-go-testUITests */,
			);
			name = "swift-go-testUITests";
			packageProductDependencies = (
			);
			productName = "swift-go-testUITests";
			productReference = 5BA5CA6F2CAE7DC9006BC7AB /* swift-go-testUITests.xctest */;
			productType = "com.apple.product-type.bundle.ui-testing";
		};
/* End PBXNativeTarget section */

/* Begin PBXProject section */
		5BA5CA4C2CAE7DC8006BC7AB /* Project object */ = {
			isa = PBXProject;
			attributes = {
				BuildIndependentTargetsInParallel = 1;
				LastSwiftUpdateCheck = 1600;
				LastUpgradeCheck = 1600;
				TargetAttributes = {
					5BA5CA532CAE7DC8006BC7AB = {
						CreatedOnToolsVersion = 16.0;
					};
					5BA5CA642CAE7DC9006BC7AB = {
						CreatedOnToolsVersion = 16.0;
						TestTargetID = 5BA5CA532CAE7DC8006BC7AB;
					};
					5BA5CA6E2CAE7DC9006BC7AB = {
						CreatedOnToolsVersion = 16.0;
						TestTargetID = 5BA5CA532CAE7DC8006BC7AB;
					};
				};
			};
			buildConfigurationList = 5BA5CA4F2CAE7DC8006BC7AB /* Build configuration list for PBXProject "swift-go-test" */;
			developmentRegion = en;
			hasScannedForEncodings = 0;
			knownRegions = (
				en,
				Base,
			);
			mainGroup = 5BA5CA4B2CAE7DC8006BC7AB;
			minimizedProjectReferenceProxies = 1;
			preferredProjectObjectVersion = 77;
			productRefGroup = 5BA5CA552CAE7DC8006BC7AB /* Products */;
			projectDirPath = "";
			projectRoot = "";
			targets = (
				5BA5CA532CAE7DC8006BC7AB /* swift-go-test */,
				5BA5CA642CAE7DC9006BC7AB /* swift-go-testTests */,
				5BA5CA6E2CAE7DC9006BC7AB /* swift-go-testUITests */,
			);
		};
/* End PBXProject section */

/* Begin PBXResourcesBuildPhase section */
		5BA5CA522CAE7DC8006BC7AB /* Resources */ = {
			isa = PBXResourcesBuildPhase;
			buildActionMask = 2147483647;
			files = (
			);
			runOnlyForDeploymentPostprocessing = 0;
		};
		5BA5CA632CAE7DC9006BC7AB /* Resources */ = {
			isa = PBXResourcesBuildPhase;
			buildActionMask = 2147483647;
			files = (
			);
			runOnlyForDeploymentPostprocessing = 0;
		};
		5BA5CA6D2CAE7DC9006BC7AB /* Resources */ = {
			isa = PBXResourcesBuildPhase;
			buildActionMask = 2147483647;
			files = (
			);
			runOnlyForDeploymentPostprocessing = 0;
		};
/* End PBXResourcesBuildPhase section */

/* Begin PBXSourcesBuildPhase section */
		5BA5CA502CAE7DC8006BC7AB /* Sources */ = {
			isa = PBXSourcesBuildPhase;
			buildActionMask = 2147483647;
			files = (
			);
			runOnlyForDeploymentPostprocessing = 0;
		};
		5BA5CA612CAE7DC9006BC7AB /* Sources */ = {
			isa = PBXSourcesBuildPhase;
			buildActionMask = 2147483647;
			files = (
			);
			runOnlyForDeploymentPostprocessing = 0;
		};
		5BA5CA6B2CAE7DC9006BC7AB /* Sources */ = {
			isa = PBXSourcesBuildPhase;
			buildActionMask = 2147483647;
			files = (
			);
			runOnlyForDeploymentPostprocessing = 0;
		};
/* End PBXSourcesBuildPhase section */

/* Begin PBXTargetDependency section */
		5BA5CA672CAE7DC9006BC7AB /* PBXTargetDependency */ = {
			isa = PBXTargetDependency;
			target = 5BA5CA532CAE7DC8006BC7AB /* swift-go-test */;
			targetProxy = 5BA5CA662CAE7DC9006BC7AB /* PBXContainerItemProxy */;
		};
		5BA5CA712CAE7DC9006BC7AB /* PBXTargetDependency */ = {
			isa = PBXTargetDependency;
			target = 5BA5CA532CAE7DC8006BC7AB /* swift-go-test */;
			targetProxy = 5BA5CA702CAE7DC9006BC7AB /* PBXContainerItemProxy */;
		};
/* End PBXTargetDependency section */

/* Begin XCBuildConfiguration section */
		5BA5CA772CAE7DC9006BC7AB /* Debug */ = {
			isa = XCBuildConfiguration;
			buildSettings = {
				ALWAYS_SEARCH_USER_PATHS = NO;
				ASSETCATALOG_COMPILER_GENERATE_SWIFT_ASSET_SYMBOL_EXTENSIONS = YES;
				CLANG_ANALYZER_NONNULL = YES;
				CLANG_ANALYZER_NUMBER_OBJECT_CONVERSION = YES_AGGRESSIVE;
				CLANG_CXX_LANGUAGE_STANDARD = "gnu++20";
				CLANG_ENABLE_MODULES = YES;
				CLANG_ENABLE_OBJC_ARC = YES;
				CLANG_ENABLE_OBJC_WEAK = YES;
				CLANG_WARN_BLOCK_CAPTURE_AUTORELEASING = YES;
				CLANG_WARN_BOOL_CONVERSION = YES;
				CLANG_WARN_COMMA = YES;
				CLANG_WARN_CONSTANT_CONVERSION = YES;
				CLANG_WARN_DEPRECATED_OBJC_IMPLEMENTATIONS = YES;
				CLANG_WARN_DIRECT_OBJC_ISA_USAGE = YES_ERROR;
				CLANG_WARN_DOCUMENTATION_COMMENTS = YES;
				CLANG_WARN_EMPTY_BODY = YES;
				CLANG_WARN_ENUM_CONVERSION = YES;
				CLANG_WARN_INFINITE_RECURSION = YES;
				CLANG_WARN_INT_CONVERSION = YES;
				CLANG_WARN_NON_LITERAL_NULL_CONVERSION = YES;
				CLANG_WARN_OBJC_IMPLICIT_RETAIN_SELF = YES;
				CLANG_WARN_OBJC_LITERAL_CONVERSION = YES;
				CLANG_WARN_OBJC_ROOT_CLASS = YES_ERROR;
				CLANG_WARN_QUOTED_INCLUDE_IN_FRAMEWORK_HEADER = YES;
				CLANG_WARN_RANGE_LOOP_ANALYSIS = YES;
				CLANG_WARN_STRICT_PROTOTYPES = YES;
				CLANG_WARN_SUSPICIOUS_MOVE = YES;
				CLANG_WARN_UNGUARDED_AVAILABILITY = YES_AGGRESSIVE;
				CLANG_WARN_UNREACHABLE_CODE = YES;
				CLANG_WARN__DUPLICATE_METHOD_MATCH = YES;
				COPY_PHASE_STRIP = NO;
				DEBUG_INFORMATION_FORMAT = dwarf;
				ENABLE_STRICT_OBJC_MSGSEND = YES;
				ENABLE_TESTABILITY = YES;
				ENABLE_USER_SCRIPT_SANDBOXING = YES;
				GCC_C_LANGUAGE_STANDARD = gnu17;
				GCC_DYNAMIC_NO_PIC = NO;
				GCC_NO_COMMON_BLOCKS = YES;
				GCC_OPTIMIZATION_LEVEL = 0;
				GCC_PREPROCESSOR_DEFINITIONS = (
					"DEBUG=1",
					"$(inherited)",
				);
				GCC_WARN_64_TO_32_BIT_CONVERSION = YES;
				GCC_WARN_ABOUT_RETURN_TYPE = YES_ERROR;
				GCC_WARN_UNDECLARED_SELECTOR = YES;
				GCC_WARN_UNINITIALIZED_AUTOS = YES_AGGRESSIVE;
				GCC_WARN_UNUSED_FUNCTION = YES;
				GCC_WARN_UNUSED_VARIABLE = YES;
				LOCALIZATION_PREFERS_STRING_CATALOGS = YES;
				MACOSX_DEPLOYMENT_TARGET = 14.6;
				MTL_ENABLE_DEBUG_INFO = INCLUDE_SOURCE;
				MTL_FAST_MATH = YES;
				ONLY_ACTIVE_ARCH = YES;
				SDKROOT = macosx;
				SWIFT_ACTIVE_COMPILATION_CONDITIONS = "DEBUG $(inherited)";
				SWIFT_OPTIMIZATION_LEVEL = "-Onone";
			};
			name = Debug;
		};
		5BA5CA782CAE7DC9006BC7AB /* Release */ = {
			isa = XCBuildConfiguration;
			buildSettings = {
				ALWAYS_SEARCH_USER_PATHS = NO;
				ASSETCATALOG_COMPILER_GENERATE_SWIFT_ASSET_SYMBOL_EXTENSIONS = YES;
				CLANG_ANALYZER_NONNULL = YES;
				CLANG_ANALYZER_NUMBER_OBJECT_CONVERSION = YES_AGGRESSIVE;
				CLANG_CXX_LANGUAGE_STANDARD = "gnu++20";
				CLANG_ENABLE_MODULES = YES;
				CLANG_ENABLE_OBJC_ARC = YES;
				CLANG_ENABLE_OBJC_WEAK = YES;
				CLANG_WARN_BLOCK_CAPTURE_AUTORELEASING = YES;
				CLANG_WARN_BOOL_CONVERSION = YES;
				CLANG_WARN_COMMA = YES;
				CLANG_WARN_CONSTANT_CONVERSION = YES;
				CLANG_WARN_DEPRECATED_OBJC_IMPLEMENTATIONS = YES;
				CLANG_WARN_DIRECT_OBJC_ISA_USAGE = YES_ERROR;
				CLANG_WARN_DOCUMENTATION_COMMENTS = YES;
				CLANG_WARN_EMPTY_BODY = YES;
				CLANG_WARN_ENUM_CONVERSION = YES;
				CLANG_WARN_INFINITE_RECURSION = YES;
				CLANG_WARN_INT_CONVERSION = YES;
				CLANG_WARN_NON_LITERAL_NULL_CONVERSION = YES;
				CLANG_WARN_OBJC_IMPLICIT_RETAIN_SELF = YES;
				CLANG_WARN_OBJC_LITERAL_CONVERSION = YES;
				CLANG_WARN_OBJC_ROOT_CLASS = YES_ERROR;
				CLANG_WARN_QUOTED_INCLUDE_IN_FRAMEWORK_HEADER = YES;
				CLANG_WARN_RANGE_LOOP_ANALYSIS = YES;
				CLANG_WARN_STRICT_PROTOTYPES = YES;
				CLANG_WARN_SUSPICIOUS_MOVE = YES;
				CLANG_WARN_UNGUARDED_AVAILABILITY = YES_AGGRESSIVE;
				CLANG_WARN_UNREACHABLE_CODE = YES;
				CLANG_WARN__DUPLICATE_METHOD_MATCH = YES;
				COPY_PHASE_STRIP = NO;
				DEBUG_INFORMATION_FORMAT = "dwarf-with-dsym";
				ENABLE_NS_ASSERTIONS = NO;
				ENABLE_STRICT_OBJC_MSGSEND = YES;
				ENABLE_USER_SCRIPT_SANDBOXING = YES;
				GCC_C_LANGUAGE_STANDARD = gnu17;
				GCC_NO_COMMON_BLOCKS = YES;
				GCC_WARN_64_TO_32_BIT_CONVERSION = YES;
				GCC_WARN_ABOUT_RETURN_TYPE = YES_ERROR;
				GCC_WARN_UNDECLARED_SELECTOR = YES;
				GCC_WARN_UNINITIALIZED_AUTOS = YES_AGGRESSIVE;
				GCC_WARN_UNUSED_FUNCTION = YES;
				GCC_WARN_UNUSED_VARIABLE = YES;
				LOCALIZATION_PREFERS_STRING_CATALOGS = YES;
				MACOSX_DEPLOYMENT_TARGET = 14.6;
				MTL_ENABLE_DEBUG_INFO = NO;
				MTL_FAST_MATH = YES;
				SDKROOT = macosx;
				SWIFT_COMPILATION_MODE = wholemodule;
			};
			name = Release;
		};
		5BA5CA7A2CAE7DC9006BC7AB /* Debug */ = {
			isa = XCBuildConfiguration;
			buildSettings = {
				ASSETCATALOG_COMPILER_APPICON_NAME = AppIcon;
				ASSETCATALOG_COMPILER_GLOBAL_ACCENT_COLOR_NAME = AccentColor;
				CODE_SIGN_ENTITLEMENTS = "swift-go-test/swift_go_test.entitlements";
				CODE_SIGN_STYLE = Automatic;
				COMBINE_HIDPI_IMAGES = YES;
				CURRENT_PROJECT_VERSION = 1;
				DEVELOPMENT_ASSET_PATHS = "\"swift-go-test/Preview Content\"";
				ENABLE_PREVIEWS = YES;
				GENERATE_INFOPLIST_FILE = YES;
				INFOPLIST_KEY_NSHumanReadableCopyright = "";
				LD_RUNPATH_SEARCH_PATHS = (
					"$(inherited)",
					"@executable_path/../Frameworks",
				);
				MARKETING_VERSION = 1.0;
				PRODUCT_BUNDLE_IDENTIFIER = "y.swift-go-test";
				PRODUCT_NAME = "$(TARGET_NAME)";
				REGISTER_APP_GROUPS = NO;
				SUPPORTED_PLATFORMS = "iphoneos iphonesimulator macosx";
				SUPPORTS_MACCATALYST = NO;
				SWIFT_EMIT_LOC_STRINGS = YES;
				SWIFT_VERSION = 5.0;
				TARGETED_DEVICE_FAMILY = 1;
			};
			name = Debug;
		};
		5BA5CA7B2CAE7DC9006BC7AB /* Release */ = {
			isa = XCBuildConfiguration;
			buildSettings = {
				ASSETCATALOG_COMPILER_APPICON_NAME = AppIcon;
				ASSETCATALOG_COMPILER_GLOBAL_ACCENT_COLOR_NAME = AccentColor;
				CODE_SIGN_ENTITLEMENTS = "swift-go-test/swift_go_test.entitlements";
				CODE_SIGN_STYLE = Automatic;
				COMBINE_HIDPI_IMAGES = YES;
				CURRENT_PROJECT_VERSION = 1;
				DEVELOPMENT_ASSET_PATHS = "\"swift-go-test/Preview Content\"";
				ENABLE_PREVIEWS = YES;
				GENERATE_INFOPLIST_FILE = YES;
				INFOPLIST_KEY_NSHumanReadableCopyright = "";
				LD_RUNPATH_SEARCH_PATHS = (
					"$(inherited)",
					"@executable_path/../Frameworks",
				);
				MARKETING_VERSION = 1.0;
				PRODUCT_BUNDLE_IDENTIFIER = "y.swift-go-test";
				PRODUCT_NAME = "$(TARGET_NAME)";
				REGISTER_APP_GROUPS = NO;
				SUPPORTED_PLATFORMS = "iphoneos iphonesimulator macosx";
				SUPPORTS_MACCATALYST = NO;
				SWIFT_EMIT_LOC_STRINGS = YES;
				SWIFT_VERSION = 5.0;
				TARGETED_DEVICE_FAMILY = 1;
			};
			name = Release;
		};
		5BA5CA7D2CAE7DC9006BC7AB /* Debug */ = {
			isa = XCBuildConfiguration;
			buildSettings = {
				BUNDLE_LOADER = "$(TEST_HOST)";
				CODE_SIGN_STYLE = Automatic;
				CURRENT_PROJECT_VERSION = 1;
				GENERATE_INFOPLIST_FILE = YES;
				MACOSX_DEPLOYMENT_TARGET = 14.6;
				MARKETING_VERSION = 1.0;
				PRODUCT_BUNDLE_IDENTIFIER = "y.swift-go-testTests";
				PRODUCT_NAME = "$(TARGET_NAME)";
				SWIFT_EMIT_LOC_STRINGS = NO;
				SWIFT_VERSION = 5.0;
				TEST_HOST = "$(BUILT_PRODUCTS_DIR)/swift-go-test.app/$(BUNDLE_EXECUTABLE_FOLDER_PATH)/swift-go-test";
			};
			name = Debug;
		};
		5BA5CA7E2CAE7DC9006BC7AB /* Release */ = {
			isa = XCBuildConfiguration;
			buildSettings = {
				BUNDLE_LOADER = "$(TEST_HOST)";
				CODE_SIGN_STYLE = Automatic;
				CURRENT_PROJECT_VERSION = 1;
				GENERATE_INFOPLIST_FILE = YES;
				MACOSX_DEPLOYMENT_TARGET = 14.6;
				MARKETING_VERSION = 1.0;
				PRODUCT_BUNDLE_IDENTIFIER = "y.swift-go-testTests";
				PRODUCT_NAME = "$(TARGET_NAME)";
				SWIFT_EMIT_LOC_STRINGS = NO;
				SWIFT_VERSION = 5.0;
				TEST_HOST = "$(BUILT_PRODUCTS_DIR)/swift-go-test.app/$(BUNDLE_EXECUTABLE_FOLDER_PATH)/swift-go-test";
			};
			name = Release;
		};
		5BA5CA802CAE7DC9006BC7AB /* Debug */ = {
			isa = XCBuildConfiguration;
			buildSettings = {
				CODE_SIGN_STYLE = Automatic;
				CURRENT_PROJECT_VERSION = 1;
				GENERATE_INFOPLIST_FILE = YES;
				MARKETING_VERSION = 1.0;
				PRODUCT_BUNDLE_IDENTIFIER = "y.swift-go-testUITests";
				PRODUCT_NAME = "$(TARGET_NAME)";
				SWIFT_EMIT_LOC_STRINGS = NO;
				SWIFT_VERSION = 5.0;
				TEST_TARGET_NAME = "swift-go-test";
			};
			name = Debug;
		};
		5BA5CA812CAE7DC9006BC7AB /* Release */ = {
			isa = XCBuildConfiguration;
			buildSettings = {
				CODE_SIGN_STYLE = Automatic;
				CURRENT_PROJECT_VERSION = 1;
				GENERATE_INFOPLIST_FILE = YES;
				MARKETING_VERSION = 1.0;
				PRODUCT_BUNDLE_IDENTIFIER = "y.swift-go-testUITests";
				PRODUCT_NAME = "$(TARGET_NAME)";
				SWIFT_EMIT_LOC_STRINGS = NO;
				SWIFT_VERSION = 5.0;
				TEST_TARGET_NAME = "swift-go-test";
			};
			name = Release;
		};
/* End XCBuildConfiguration section */

/* Begin XCConfigurationList section */
		5BA5CA4F2CAE7DC8006BC7AB /* Build configuration list for PBXProject "swift-go-test" */ = {
			isa = XCConfigurationList;
			buildConfigurations = (
				5BA5CA772CAE7DC9006BC7AB /* Debug */,
				5BA5CA782CAE7DC9006BC7AB /* Release */,
			);
			defaultConfigurationIsVisible = 0;
			defaultConfigurationName = Release;
		};
		5BA5CA792CAE7DC9006BC7AB /* Build configuration list for PBXNativeTarget "swift-go-test" */ = {
			isa = XCConfigurationList;
			buildConfigurations = (
				5BA5CA7A2CAE7DC9006BC7AB /* Debug */,
				5BA5CA7B2CAE7DC9006BC7AB /* Release */,
			);
			defaultConfigurationIsVisible = 0;
			defaultConfigurationName = Release;
		};
		5BA5CA7C2CAE7DC9006BC7AB /* Build configuration list for PBXNativeTarget "swift-go-testTests" */ = {
			isa = XCConfigurationList;
			buildConfigurations = (
				5BA5CA7D2CAE7DC9006BC7AB /* Debug */,
				5BA5CA7E2CAE7DC9006BC7AB /* Release */,
			);
			defaultConfigurationIsVisible = 0;
			defaultConfigurationName = Release;
		};
		5BA5CA7F2CAE7DC9006BC7AB /* Build configuration list for PBXNativeTarget "swift-go-testUITests" */ = {
			isa = XCConfigurationList;
			buildConfigurations = (
				5BA5CA802CAE7DC9006BC7AB /* Debug */,
				5BA5CA812CAE7DC9006BC7AB /* Release */,
			);
			defaultConfigurationIsVisible = 0;
			defaultConfigurationName = Release;
		};
/* End XCConfigurationList section */
	};
	rootObject = 5BA5CA4C2CAE7DC8006BC7AB /* Project object */;
}
